
Microsoft Visual Studio Solution File, Format Version 12.00
# Visual Studio 2013
VisualStudioVersion = 12.0.31101.0
MinimumVisualStudioVersion = 10.0.40219.1
Project("{FAE04EC0-301F-11D3-BF4B-00C04F79EFBC}") = "IPorgressConsoleDemo", "IPorgressConsoleDemo\IPorgressConsoleDemo.csproj", "{946DDB3B-9289-4760-9BF3-317E8957A70A}"
EndProject
Global
	GlobalSection(SolutionConfigurationPlatforms) = preSolution
		Debug|Any CPU = Debug|Any CPU
		Release|Any CPU = Release|Any CPU
	EndGlobalSection
	GlobalSection(ProjectConfigurationPlatforms) = postSolution
		{946DDB3B-9289-4760-9BF3-317E8957A70A}.Debug|Any CPU.ActiveCfg = Debug|Any CPU
		{946DDB3B-9289-4760-9BF3-317E8957A70A}.Debug|Any CPU.Build.0 = Debug|Any CPU
		{946DDB3B-9289-4760-9BF3-317E8957A70A}.Release|Any CPU.ActiveCfg = Release|Any CPU
		{946DDB3B-9289-4760-9BF3-317E8957A70A}.Release|Any CPU.Build.0 = Release|Any CPU
	EndGlobalSection
	GlobalSection(SolutionProperties) = preSolution
		HideSolutionNode = FALSE
	EndGlobalSection
EndGlobal
